
Microsoft Visual Studio Solution File, Format Version 12.00
# Visual Studio 15
VisualStudioVersion = 15.0.27703.2042
MinimumVisualStudioVersion = 10.0.40219.1
Project("{FAE04EC0-301F-11D3-BF4B-00C04F79EFBC}") = "VilaNova.Android", "VilaNova\VilaNova.Android\VilaNova.Android.csproj", "{93244196-2F85-4724-AC4B-13A96F05E7C0}"
EndProject
Project("{FAE04EC0-301F-11D3-BF4B-00C04F79EFBC}") = "VilaNova.UWP", "VilaNova\VilaNova.UWP\VilaNova.UWP.csproj", "{47D86E3B-0E4A-48F0-B5B1-58AEA4193368}"
EndProject
Project("{D954291E-2A0B-460D-934E-DC6B0785DB48}") = "VilaNova", "VilaNova\VilaNova\VilaNova.shproj", "{B7B17E84-9A84-4FF8-8227-0311AB8C6E7C}"
EndProject
Global
	GlobalSection(SharedMSBuildProjectFiles) = preSolution
		VilaNova\VilaNova\VilaNova.projitems*{47d86e3b-0e4a-48f0-b5b1-58aea4193368}*SharedItemsImports = 4
		VilaNova\VilaNova\VilaNova.projitems*{93244196-2f85-4724-ac4b-13a96f05e7c0}*SharedItemsImports = 4
		VilaNova\VilaNova\VilaNova.projitems*{b7b17e84-9a84-4ff8-8227-0311ab8c6e7c}*SharedItemsImports = 13
	EndGlobalSection
	GlobalSection(SolutionConfigurationPlatforms) = preSolution
		Ad-Hoc|Any CPU = Ad-Hoc|Any CPU
		Ad-Hoc|ARM = Ad-Hoc|ARM
		Ad-Hoc|iPhone = Ad-Hoc|iPhone
		Ad-Hoc|iPhoneSimulator = Ad-Hoc|iPhoneSimulator
		Ad-Hoc|x64 = Ad-Hoc|x64
		Ad-Hoc|x86 = Ad-Hoc|x86
		AppStore|Any CPU = AppStore|Any CPU
		AppStore|ARM = AppStore|ARM
		AppStore|iPhone = AppStore|iPhone
		AppStore|iPhoneSimulator = AppStore|iPhoneSimulator
		AppStore|x64 = AppStore|x64
		AppStore|x86 = AppStore|x86
		Debug|Any CPU = Debug|Any CPU
		Debug|ARM = Debug|ARM
		Debug|iPhone = Debug|iPhone
		Debug|iPhoneSimulator = Debug|iPhoneSimulator
		Debug|x64 = Debug|x64
		Debug|x86 = Debug|x86
		Release|Any CPU = Release|Any CPU
		Release|ARM = Release|ARM
		Release|iPhone = Release|iPhone
		Release|iPhoneSimulator = Release|iPhoneSimulator
		Release|x64 = Release|x64
		Release|x86 = Release|x86
	EndGlobalSection
	GlobalSection(ProjectConfigurationPlatforms) = postSolution
		{93244196-2F85-4724-AC4B-13A96F05E7C0}.Ad-Hoc|Any CPU.ActiveCfg = Release|Any CPU
		{93244196-2F85-4724-AC4B-13A96F05E7C0}.Ad-Hoc|Any CPU.Build.0 = Release|Any CPU
		{93244196-2F85-4724-AC4B-13A96F05E7C0}.Ad-Hoc|Any CPU.Deploy.0 = Release|Any CPU
		{93244196-2F85-4724-AC4B-13A96F05E7C0}.Ad-Hoc|ARM.ActiveCfg = Release|Any CPU
		{93244196-2F85-4724-AC4B-13A96F05E7C0}.Ad-Hoc|ARM.Build.0 = Release|Any CPU
		{93244196-2F85-4724-AC4B-13A96F05E7C0}.Ad-Hoc|ARM.Deploy.0 = Release|Any CPU
		{93244196-2F85-4724-AC4B-13A96F05E7C0}.Ad-Hoc|iPhone.ActiveCfg = Release|Any CPU
		{93244196-2F85-4724-AC4B-13A96F05E7C0}.Ad-Hoc|iPhone.Build.0 = Release|Any CPU
		{93244196-2F85-4724-AC4B-13A96F05E7C0}.Ad-Hoc|iPhone.Deploy.0 = Release|Any CPU
		{93244196-2F85-4724-AC4B-13A96F05E7C0}.Ad-Hoc|iPhoneSimulator.ActiveCfg = Release|Any CPU
		{93244196-2F85-4724-AC4B-13A96F05E7C0}.Ad-Hoc|iPhoneSimulator.Build.0 = Release|Any CPU
		{93244196-2F85-4724-AC4B-13A96F05E7C0}.Ad-Hoc|iPhoneSimulator.Deploy.0 = Release|Any CPU
		{93244196-2F85-4724-AC4B-13A96F05E7C0}.Ad-Hoc|x64.ActiveCfg = Release|Any CPU
		{93244196-2F85-4724-AC4B-13A96F05E7C0}.Ad-Hoc|x64.Build.0 = Release|Any CPU
		{93244196-2F85-4724-AC4B-13A96F05E7C0}.Ad-Hoc|x64.Deploy.0 = Release|Any CPU
		{93244196-2F85-4724-AC4B-13A96F05E7C0}.Ad-Hoc|x86.ActiveCfg = Release|Any CPU
		{93244196-2F85-4724-AC4B-13A96F05E7C0}.Ad-Hoc|x86.Build.0 = Release|Any CPU
		{93244196-2F85-4724-AC4B-13A96F05E7C0}.Ad-Hoc|x86.Deploy.0 = Release|Any CPU
		{93244196-2F85-4724-AC4B-13A96F05E7C0}.AppStore|Any CPU.ActiveCfg = Release|Any CPU
		{93244196-2F85-4724-AC4B-13A96F05E7C0}.AppStore|Any CPU.Build.0 = Release|Any CPU
		{93244196-2F85-4724-AC4B-13A96F05E7C0}.AppStore|Any CPU.Deploy.0 = Release|Any CPU
		{93244196-2F85-4724-AC4B-13A96F05E7C0}.AppStore|ARM.ActiveCfg = Release|Any CPU
		{93244196-2F85-4724-AC4B-13A96F05E7C0}.AppStore|ARM.Build.0 = Release|Any CPU
		{93244196-2F85-4724-AC4B-13A96F05E7C0}.AppStore|ARM.Deploy.0 = Release|Any CPU
		{93244196-2F85-4724-AC4B-13A96F05E7C0}.AppStore|iPhone.ActiveCfg = Release|Any CPU
		{93244196-2F85-4724-AC4B-13A96F05E7C0}.AppStore|iPhone.Build.0 = Release|Any CPU
		{93244196-2F85-4724-AC4B-13A96F05E7C0}.AppStore|iPhone.Deploy.0 = Release|Any CPU
		{93244196-2F85-4724-AC4B-13A96F05E7C0}.AppStore|iPhoneSimulator.ActiveCfg = Release|Any CPU
		{93244196-2F85-4724-AC4B-13A96F05E7C0}.AppStore|iPhoneSimulator.Build.0 = Release|Any CPU
		{93244196-2F85-4724-AC4B-13A96F05E7C0}.AppStore|iPhoneSimulator.Deploy.0 = Release|Any CPU
		{93244196-2F85-4724-AC4B-13A96F05E7C0}.AppStore|x64.ActiveCfg = Release|Any CPU
		{93244196-2F85-4724-AC4B-13A96F05E7C0}.AppStore|x64.Build.0 = Release|Any CPU
		{93244196-2F85-4724-AC4B-13A96F05E7C0}.AppStore|x64.Deploy.0 = Release|Any CPU
		{93244196-2F85-4724-AC4B-13A96F05E7C0}.AppStore|x86.ActiveCfg = Release|Any CPU
		{93244196-2F85-4724-AC4B-13A96F05E7C0}.AppStore|x86.Build.0 = Release|Any CPU
		{93244196-2F85-4724-AC4B-13A96F05E7C0}.AppStore|x86.Deploy.0 = Release|Any CPU
		{93244196-2F85-4724-AC4B-13A96F05E7C0}.Debug|Any CPU.ActiveCfg = Debug|Any CPU
		{93244196-2F85-4724-AC4B-13A96F05E7C0}.Debug|Any CPU.Build.0 = Debug|Any CPU
		{93244196-2F85-4724-AC4B-13A96F05E7C0}.Debug|Any CPU.Deploy.0 = Debug|Any CPU
		{93244196-2F85-4724-AC4B-13A96F05E7C0}.Debug|ARM.ActiveCfg = Debug|Any CPU
		{93244196-2F85-4724-AC4B-13A96F05E7C0}.Debug|ARM.Build.0 = Debug|Any CPU
		{93244196-2F85-4724-AC4B-13A96F05E7C0}.Debug|ARM.Deploy.0 = Debug|Any CPU
		{93244196-2F85-4724-AC4B-13A96F05E7C0}.Debug|iPhone.ActiveCfg = Debug|Any CPU
		{93244196-2F85-4724-AC4B-13A96F05E7C0}.Debug|iPhone.Build.0 = Debug|Any CPU
		{93244196-2F85-4724-AC4B-13A96F05E7C0}.Debug|iPhone.Deploy.0 = Debug|Any CPU
		{93244196-2F85-4724-AC4B-13A96F05E7C0}.Debug|iPhoneSimulator.ActiveCfg = Debug|Any CPU
		{93244196-2F85-4724-AC4B-13A96F05E7C0}.Debug|iPhoneSimulator.Build.0 = Debug|Any CPU
		{93244196-2F85-4724-AC4B-13A96F05E7C0}.Debug|iPhoneSimulator.Deploy.0 = Debug|Any CPU
		{93244196-2F85-4724-AC4B-13A96F05E7C0}.Debug|x64.ActiveCfg = Debug|Any CPU
		{93244196-2F85-4724-AC4B-13A96F05E7C0}.Debug|x64.Build.0 = Debug|Any CPU
		{93244196-2F85-4724-AC4B-13A96F05E7C0}.Debug|x64.Deploy.0 = Debug|Any CPU
		{93244196-2F85-4724-AC4B-13A96F05E7C0}.Debug|x86.ActiveCfg = Debug|Any CPU
		{93244196-2F85-4724-AC4B-13A96F05E7C0}.Debug|x86.Build.0 = Debug|Any CPU
		{93244196-2F85-4724-AC4B-13A96F05E7C0}.Debug|x86.Deploy.0 = Debug|Any CPU
		{93244196-2F85-4724-AC4B-13A96F05E7C0}.Release|Any CPU.ActiveCfg = Release|Any CPU
		{93244196-2F85-4724-AC4B-13A96F05E7C0}.Release|Any CPU.Build.0 = Release|Any CPU
		{93244196-2F85-4724-AC4B-13A96F05E7C0}.Release|Any CPU.Deploy.0 = Release|Any CPU
		{93244196-2F85-4724-AC4B-13A96F05E7C0}.Release|ARM.ActiveCfg = Release|Any CPU
		{93244196-2F85-4724-AC4B-13A96F05E7C0}.Release|ARM.Build.0 = Release|Any CPU
		{93244196-2F85-4724-AC4B-13A96F05E7C0}.Release|ARM.Deploy.0 = Release|Any CPU
		{93244196-2F85-4724-AC4B-13A96F05E7C0}.Release|iPhone.ActiveCfg = Release|Any CPU
		{93244196-2F85-4724-AC4B-13A96F05E7C0}.Release|iPhone.Build.0 = Release|Any CPU
		{93244196-2F85-4724-AC4B-13A96F05E7C0}.Release|iPhone.Deploy.0 = Release|Any CPU
		{93244196-2F85-4724-AC4B-13A96F05E7C0}.Release|iPhoneSimulator.ActiveCfg = Release|Any CPU
		{93244196-2F85-4724-AC4B-13A96F05E7C0}.Release|iPhoneSimulator.Build.0 = Release|Any CPU
		{93244196-2F85-4724-AC4B-13A96F05E7C0}.Release|iPhoneSimulator.Deploy.0 = Release|Any CPU
		{93244196-2F85-4724-AC4B-13A96F05E7C0}.Release|x64.ActiveCfg = Release|Any CPU
		{93244196-2F85-4724-AC4B-13A96F05E7C0}.Release|x64.Build.0 = Release|Any CPU
		{93244196-2F85-4724-AC4B-13A96F05E7C0}.Release|x64.Deploy.0 = Release|Any CPU
		{93244196-2F85-4724-AC4B-13A96F05E7C0}.Release|x86.ActiveCfg = Release|Any CPU
		{93244196-2F85-4724-AC4B-13A96F05E7C0}.Release|x86.Build.0 = Release|Any CPU
		{93244196-2F85-4724-AC4B-13A96F05E7C0}.Release|x86.Deploy.0 = Release|Any CPU
		{47D86E3B-0E4A-48F0-B5B1-58AEA4193368}.Ad-Hoc|Any CPU.ActiveCfg = Release|x86
		{47D86E3B-0E4A-48F0-B5B1-58AEA4193368}.Ad-Hoc|Any CPU.Build.0 = Release|x86
		{47D86E3B-0E4A-48F0-B5B1-58AEA4193368}.Ad-Hoc|Any CPU.Deploy.0 = Release|x86
		{47D86E3B-0E4A-48F0-B5B1-58AEA4193368}.Ad-Hoc|ARM.ActiveCfg = Release|ARM
		{47D86E3B-0E4A-48F0-B5B1-58AEA4193368}.Ad-Hoc|ARM.Build.0 = Release|ARM
		{47D86E3B-0E4A-48F0-B5B1-58AEA4193368}.Ad-Hoc|ARM.Deploy.0 = Release|ARM
		{47D86E3B-0E4A-48F0-B5B1-58AEA4193368}.Ad-Hoc|iPhone.ActiveCfg = Release|x86
		{47D86E3B-0E4A-48F0-B5B1-58AEA4193368}.Ad-Hoc|iPhone.Build.0 = Release|x86
		{47D86E3B-0E4A-48F0-B5B1-58AEA4193368}.Ad-Hoc|iPhone.Deploy.0 = Release|x86
		{47D86E3B-0E4A-48F0-B5B1-58AEA4193368}.Ad-Hoc|iPhoneSimulator.ActiveCfg = Release|x86
		{47D86E3B-0E4A-48F0-B5B1-58AEA4193368}.Ad-Hoc|iPhoneSimulator.Build.0 = Release|x86
		{47D86E3B-0E4A-48F0-B5B1-58AEA4193368}.Ad-Hoc|iPhoneSimulator.Deploy.0 = Release|x86
		{47D86E3B-0E4A-48F0-B5B1-58AEA4193368}.Ad-Hoc|x64.ActiveCfg = Release|x64
		{47D86E3B-0E4A-48F0-B5B1-58AEA4193368}.Ad-Hoc|x64.Build.0 = Release|x64
		{47D86E3B-0E4A-48F0-B5B1-58AEA4193368}.Ad-Hoc|x64.Deploy.0 = Release|x64
		{47D86E3B-0E4A-48F0-B5B1-58AEA4193368}.Ad-Hoc|x86.ActiveCfg = Release|x86
		{47D86E3B-0E4A-48F0-B5B1-58AEA4193368}.Ad-Hoc|x86.Build.0 = Release|x86
		{47D86E3B-0E4A-48F0-B5B1-58AEA4193368}.Ad-Hoc|x86.Deploy.0 = Release|x86
		{47D86E3B-0E4A-48F0-B5B1-58AEA4193368}.AppStore|Any CPU.ActiveCfg = Release|x86
		{47D86E3B-0E4A-48F0-B5B1-58AEA4193368}.AppStore|Any CPU.Build.0 = Release|x86
		{47D86E3B-0E4A-48F0-B5B1-58AEA4193368}.AppStore|Any CPU.Deploy.0 = Release|x86
		{47D86E3B-0E4A-48F0-B5B1-58AEA4193368}.AppStore|ARM.ActiveCfg = Release|ARM
		{47D86E3B-0E4A-48F0-B5B1-58AEA4193368}.AppStore|ARM.Build.0 = Release|ARM
		{47D86E3B-0E4A-48F0-B5B1-58AEA4193368}.AppStore|ARM.Deploy.0 = Release|ARM
		{47D86E3B-0E4A-48F0-B5B1-58AEA4193368}.AppStore|iPhone.ActiveCfg = Release|x86
		{47D86E3B-0E4A-48F0-B5B1-58AEA4193368}.AppStore|iPhone.Build.0 = Release|x86
		{47D86E3B-0E4A-48F0-B5B1-58AEA4193368}.AppStore|iPhone.Deploy.0 = Release|x86
		{47D86E3B-0E4A-48F0-B5B1-58AEA4193368}.AppStore|iPhoneSimulator.ActiveCfg = Release|x86
		{47D86E3B-0E4A-48F0-B5B1-58AEA4193368}.AppStore|iPhoneSimulator.Build.0 = Release|x86
		{47D86E3B-0E4A-48F0-B5B1-58AEA4193368}.AppStore|iPhoneSimulator.Deploy.0 = Release|x86
		{47D86E3B-0E4A-48F0-B5B1-58AEA4193368}.AppStore|x64.ActiveCfg = Release|x64
		{47D86E3B-0E4A-48F0-B5B1-58AEA4193368}.AppStore|x64.Build.0 = Release|x64
		{47D86E3B-0E4A-48F0-B5B1-58AEA4193368}.AppStore|x64.Deploy.0 = Release|x64
		{47D86E3B-0E4A-48F0-B5B1-58AEA4193368}.AppStore|x86.ActiveCfg = Release|x86
		{47D86E3B-0E4A-48F0-B5B1-58AEA4193368}.AppStore|x86.Build.0 = Release|x86
		{47D86E3B-0E4A-48F0-B5B1-58AEA4193368}.AppStore|x86.Deploy.0 = Release|x86
		{47D86E3B-0E4A-48F0-B5B1-58AEA4193368}.Debug|Any CPU.ActiveCfg = Debug|x86
		{47D86E3B-0E4A-48F0-B5B1-58AEA4193368}.Debug|Any CPU.Build.0 = Debug|x86
		{47D86E3B-0E4A-48F0-B5B1-58AEA4193368}.Debug|Any CPU.Deploy.0 = Debug|x86
		{47D86E3B-0E4A-48F0-B5B1-58AEA4193368}.Debug|ARM.ActiveCfg = Debug|ARM
		{47D86E3B-0E4A-48F0-B5B1-58AEA4193368}.Debug|ARM.Build.0 = Debug|ARM
		{47D86E3B-0E4A-48F0-B5B1-58AEA4193368}.Debug|ARM.Deploy.0 = Debug|ARM
		{47D86E3B-0E4A-48F0-B5B1-58AEA4193368}.Debug|iPhone.ActiveCfg = Debug|x86
		{47D86E3B-0E4A-48F0-B5B1-58AEA4193368}.Debug|iPhone.Build.0 = Debug|x86
		{47D86E3B-0E4A-48F0-B5B1-58AEA4193368}.Debug|iPhone.Deploy.0 = Debug|x86
		{47D86E3B-0E4A-48F0-B5B1-58AEA4193368}.Debug|iPhoneSimulator.ActiveCfg = Debug|x86
		{47D86E3B-0E4A-48F0-B5B1-58AEA4193368}.Debug|iPhoneSimulator.Build.0 = Debug|x86
		{47D86E3B-0E4A-48F0-B5B1-58AEA4193368}.Debug|iPhoneSimulator.Deploy.0 = Debug|x86
		{47D86E3B-0E4A-48F0-B5B1-58AEA4193368}.Debug|x64.ActiveCfg = Debug|x64
		{47D86E3B-0E4A-48F0-B5B1-58AEA4193368}.Debug|x64.Build.0 = Debug|x64
		{47D86E3B-0E4A-48F0-B5B1-58AEA4193368}.Debug|x64.Deploy.0 = Debug|x64
		{47D86E3B-0E4A-48F0-B5B1-58AEA4193368}.Debug|x86.ActiveCfg = Debug|x86
		{47D86E3B-0E4A-48F0-B5B1-58AEA4193368}.Debug|x86.Build.0 = Debug|x86
		{47D86E3B-0E4A-48F0-B5B1-58AEA4193368}.Debug|x86.Deploy.0 = Debug|x86
		{47D86E3B-0E4A-48F0-B5B1-58AEA4193368}.Release|Any CPU.ActiveCfg = Release|x86
		{47D86E3B-0E4A-48F0-B5B1-58AEA4193368}.Release|Any CPU.Build.0 = Release|x86
		{47D86E3B-0E4A-48F0-B5B1-58AEA4193368}.Release|Any CPU.Deploy.0 = Release|x86
		{47D86E3B-0E4A-48F0-B5B1-58AEA4193368}.Release|ARM.ActiveCfg = Release|ARM
		{47D86E3B-0E4A-48F0-B5B1-58AEA4193368}.Release|ARM.Build.0 = Release|ARM
		{47D86E3B-0E4A-48F0-B5B1-58AEA4193368}.Release|ARM.Deploy.0 = Release|ARM
		{47D86E3B-0E4A-48F0-B5B1-58AEA4193368}.Release|iPhone.ActiveCfg = Release|x86
		{47D86E3B-0E4A-48F0-B5B1-58AEA4193368}.Release|iPhone.Build.0 = Release|x86
		{47D86E3B-0E4A-48F0-B5B1-58AEA4193368}.Release|iPhone.Deploy.0 = Release|x86
		{47D86E3B-0E4A-48F0-B5B1-58AEA4193368}.Release|iPhoneSimulator.ActiveCfg = Release|x86
		{47D86E3B-0E4A-48F0-B5B1-58AEA4193368}.Release|iPhoneSimulator.Build.0 = Release|x86
		{47D86E3B-0E4A-48F0-B5B1-58AEA4193368}.Release|iPhoneSimulator.Deploy.0 = Release|x86
		{47D86E3B-0E4A-48F0-B5B1-58AEA4193368}.Release|x64.ActiveCfg = Release|x64
		{47D86E3B-0E4A-48F0-B5B1-58AEA4193368}.Release|x64.Build.0 = Release|x64
		{47D86E3B-0E4A-48F0-B5B1-58AEA4193368}.Release|x64.Deploy.0 = Release|x64
		{47D86E3B-0E4A-48F0-B5B1-58AEA4193368}.Release|x86.ActiveCfg = Release|x86
		{47D86E3B-0E4A-48F0-B5B1-58AEA4193368}.Release|x86.Build.0 = Release|x86
		{47D86E3B-0E4A-48F0-B5B1-58AEA4193368}.Release|x86.Deploy.0 = Release|x86
	EndGlobalSection
	GlobalSection(SolutionProperties) = preSolution
		HideSolutionNode = FALSE
	EndGlobalSection
	GlobalSection(ExtensibilityGlobals) = postSolution
		SolutionGuid = {BE316FC4-3685-4967-8129-4A0B69267474}
	EndGlobalSection
EndGlobal
